
Microsoft Visual Studio Solution File, Format Version 12.00
# Visual Studio 15
VisualStudioVersion = 15.0.27004.2002
MinimumVisualStudioVersion = 10.0.40219.1
Project("{8BC9CEB8-8B4A-11D0-8D11-00A0C91BC942}") = "IntoTheBreachLua", "IntoTheBreachLua.vcxproj", "{A6F64800-72AD-4A40-956D-738B2ADF2477}"
EndProject
Global
	GlobalSection(SolutionConfigurationPlatforms) = preSolution
		Debug|x64 = Debug|x64
		Debug|x86 = Debug|x86
		Debug-exe|x64 = Debug-exe|x64
		Debug-exe|x86 = Debug-exe|x86
		Release|x64 = Release|x64
		Release|x86 = Release|x86
	EndGlobalSection
	GlobalSection(ProjectConfigurationPlatforms) = postSolution
		{A6F64800-72AD-4A40-956D-738B2ADF2477}.Debug|x64.ActiveCfg = Debug|x64
		{A6F64800-72AD-4A40-956D-738B2ADF2477}.Debug|x64.Build.0 = Debug|x64
		{A6F64800-72AD-4A40-956D-738B2ADF2477}.Debug|x86.ActiveCfg = Debug|Win32
		{A6F64800-72AD-4A40-956D-738B2ADF2477}.Debug|x86.Build.0 = Debug|Win32
		{A6F64800-72AD-4A40-956D-738B2ADF2477}.Debug-exe|x64.ActiveCfg = Debug-exe|x64
		{A6F64800-72AD-4A40-956D-738B2ADF2477}.Debug-exe|x64.Build.0 = Debug-exe|x64
		{A6F64800-72AD-4A40-956D-738B2ADF2477}.Debug-exe|x86.ActiveCfg = Debug-exe|Win32
		{A6F64800-72AD-4A40-956D-738B2ADF2477}.Debug-exe|x86.Build.0 = Debug-exe|Win32
		{A6F64800-72AD-4A40-956D-738B2ADF2477}.Release|x64.ActiveCfg = Release|x64
		{A6F64800-72AD-4A40-956D-738B2ADF2477}.Release|x64.Build.0 = Release|x64
		{A6F64800-72AD-4A40-956D-738B2ADF2477}.Release|x86.ActiveCfg = Release|Win32
		{A6F64800-72AD-4A40-956D-738B2ADF2477}.Release|x86.Build.0 = Release|Win32
	EndGlobalSection
	GlobalSection(SolutionProperties) = preSolution
		HideSolutionNode = FALSE
	EndGlobalSection
	GlobalSection(ExtensibilityGlobals) = postSolution
		SolutionGuid = {9F59A495-86D5-415E-B8A3-2F4AA0AFA682}
	EndGlobalSection
EndGlobal
